
Microsoft Visual Studio Solution File, Format Version 12.00
# Visual Studio 15
VisualStudioVersion = 15.0.27703.2035
MinimumVisualStudioVersion = 10.0.40219.1
Project("{FAE04EC0-301F-11D3-BF4B-00C04F79EFBC}") = "Lccs.Musicas.Web", "Lccs.Musicas.Web\Lccs.Musicas.Web.csproj", "{7AD79E89-957C-44EE-99ED-623E8899D53F}"
EndProject
Project("{FAE04EC0-301F-11D3-BF4B-00C04F79EFBC}") = "Lccs.Musicas.Dominio", "Lccs.Musicas.Dominio\Lccs.Musicas.Dominio.csproj", "{993E533B-F484-4696-8BC5-21BB4ABC4A39}"
EndProject
Project("{FAE04EC0-301F-11D3-BF4B-00C04F79EFBC}") = "Lccs.Musicas.AcessoDados.Entity", "Lccs.Musicas.AcessoDados.Entity\Lccs.Musicas.AcessoDados.Entity.csproj", "{2B721763-56A4-448A-9ED5-8CC1029AB85E}"
EndProject
Global
	GlobalSection(SolutionConfigurationPlatforms) = preSolution
		Debug|Any CPU = Debug|Any CPU
		Release|Any CPU = Release|Any CPU
	EndGlobalSection
	GlobalSection(ProjectConfigurationPlatforms) = postSolution
		{7AD79E89-957C-44EE-99ED-623E8899D53F}.Debug|Any CPU.ActiveCfg = Debug|Any CPU
		{7AD79E89-957C-44EE-99ED-623E8899D53F}.Debug|Any CPU.Build.0 = Debug|Any CPU
		{7AD79E89-957C-44EE-99ED-623E8899D53F}.Release|Any CPU.ActiveCfg = Release|Any CPU
		{7AD79E89-957C-44EE-99ED-623E8899D53F}.Release|Any CPU.Build.0 = Release|Any CPU
		{993E533B-F484-4696-8BC5-21BB4ABC4A39}.Debug|Any CPU.ActiveCfg = Debug|Any CPU
		{993E533B-F484-4696-8BC5-21BB4ABC4A39}.Debug|Any CPU.Build.0 = Debug|Any CPU
		{993E533B-F484-4696-8BC5-21BB4ABC4A39}.Release|Any CPU.ActiveCfg = Release|Any CPU
		{993E533B-F484-4696-8BC5-21BB4ABC4A39}.Release|Any CPU.Build.0 = Release|Any CPU
		{2B721763-56A4-448A-9ED5-8CC1029AB85E}.Debug|Any CPU.ActiveCfg = Debug|Any CPU
		{2B721763-56A4-448A-9ED5-8CC1029AB85E}.Debug|Any CPU.Build.0 = Debug|Any CPU
		{2B721763-56A4-448A-9ED5-8CC1029AB85E}.Release|Any CPU.ActiveCfg = Release|Any CPU
		{2B721763-56A4-448A-9ED5-8CC1029AB85E}.Release|Any CPU.Build.0 = Release|Any CPU
	EndGlobalSection
	GlobalSection(SolutionProperties) = preSolution
		HideSolutionNode = FALSE
	EndGlobalSection
	GlobalSection(ExtensibilityGlobals) = postSolution
		SolutionGuid = {A289E86E-BAE9-4D18-BAB4-0066C2933D5D}
	EndGlobalSection
EndGlobal
